
Microsoft Visual Studio Solution File, Format Version 12.00
# Visual Studio Version 16
VisualStudioVersion = 16.0.29403.142
MinimumVisualStudioVersion = 10.0.40219.1
Project("{FAE04EC0-301F-11D3-BF4B-00C04F79EFBC}") = "Log4Net", "Log4Net\Log4Net.csproj", "{FC0EECC8-8369-4C6D-817C-2C56F5BCD4DC}"
EndProject
Global
	GlobalSection(SolutionConfigurationPlatforms) = preSolution
		Debug|Any CPU = Debug|Any CPU
		Release|Any CPU = Release|Any CPU
	EndGlobalSection
	GlobalSection(ProjectConfigurationPlatforms) = postSolution
		{FC0EECC8-8369-4C6D-817C-2C56F5BCD4DC}.Debug|Any CPU.ActiveCfg = Debug|Any CPU
		{FC0EECC8-8369-4C6D-817C-2C56F5BCD4DC}.Debug|Any CPU.Build.0 = Debug|Any CPU
		{FC0EECC8-8369-4C6D-817C-2C56F5BCD4DC}.Release|Any CPU.ActiveCfg = Release|Any CPU
		{FC0EECC8-8369-4C6D-817C-2C56F5BCD4DC}.Release|Any CPU.Build.0 = Release|Any CPU
	EndGlobalSection
	GlobalSection(SolutionProperties) = preSolution
		HideSolutionNode = FALSE
	EndGlobalSection
	GlobalSection(ExtensibilityGlobals) = postSolution
		SolutionGuid = {881A7673-732A-416A-BBD9-F72417D286DA}
	EndGlobalSection
EndGlobal
